// !$*UTF8*$!
{
	archiveVersion = 1;
	classes = {
	};
	objectVersion = 56;
	objects = {

/* Begin PBXBuildFile section */
		C24C6B132C272A4B00E7F43B /* PUButtonStyle.swift in Sources */ = {isa = PBXBuildFile; fileRef = C24C6B122C272A4B00E7F43B /* PUButtonStyle.swift */; };
		C24C6B192C272E8800E7F43B /* UIKBVisualEffectView.swift in Sources */ = {isa = PBXBuildFile; fileRef = C24C6B182C272E8800E7F43B /* UIKBVisualEffectView.swift */; };
		C24C6B1C2C272F1500E7F43B /* PUSearchBar.swift in Sources */ = {isa = PBXBuildFile; fileRef = C24C6B1B2C272F1500E7F43B /* PUSearchBar.swift */; };
		C28F848C2C2718550017481C /* PUAppDelegate.swift in Sources */ = {isa = PBXBuildFile; fileRef = C28F848B2C2718550017481C /* PUAppDelegate.swift */; };
		C28F848E2C2718550017481C /* PUSceneDelegate.swift in Sources */ = {isa = PBXBuildFile; fileRef = C28F848D2C2718550017481C /* PUSceneDelegate.swift */; };
		C28F84952C2718560017481C /* Assets.xcassets in Resources */ = {isa = PBXBuildFile; fileRef = C28F84942C2718560017481C /* Assets.xcassets */; };
		C28F84982C2718560017481C /* LaunchScreen.storyboard in Resources */ = {isa = PBXBuildFile; fileRef = C28F84962C2718560017481C /* LaunchScreen.storyboard */; };
		C28F84A32C2718CE0017481C /* PUSearchViewController.swift in Sources */ = {isa = PBXBuildFile; fileRef = C28F84A22C2718CE0017481C /* PUSearchViewController.swift */; };
		C28F84AD2C2719BE0017481C /* PUHomeView.swift in Sources */ = {isa = PBXBuildFile; fileRef = C28F84AC2C2719BE0017481C /* PUHomeView.swift */; };
		C28F84AF2C271EC70017481C /* PUHeaderView.swift in Sources */ = {isa = PBXBuildFile; fileRef = C28F84AE2C271EC70017481C /* PUHeaderView.swift */; };
		C28F84B12C271ED60017481C /* PUGridView.swift in Sources */ = {isa = PBXBuildFile; fileRef = C28F84B02C271ED60017481C /* PUGridView.swift */; };
		C28F84B32C271EE50017481C /* PUPageControl.swift in Sources */ = {isa = PBXBuildFile; fileRef = C28F84B22C271EE50017481C /* PUPageControl.swift */; };
		C28F84B52C2720A80017481C /* PUSectionHeaderView.swift in Sources */ = {isa = PBXBuildFile; fileRef = C28F84B42C2720A80017481C /* PUSectionHeaderView.swift */; };
		C28F84B72C2722C30017481C /* PUCarouselView.swift in Sources */ = {isa = PBXBuildFile; fileRef = C28F84B62C2722C30017481C /* PUCarouselView.swift */; };
/* End PBXBuildFile section */

/* Begin PBXFileReference section */
		C24C6B122C272A4B00E7F43B /* PUButtonStyle.swift */ = {isa = PBXFileReference; lastKnownFileType = sourcecode.swift; path = PUButtonStyle.swift; sourceTree = "<group>"; };
		C24C6B162C272E1700E7F43B /* UIKBBackdropView.h */ = {isa = PBXFileReference; lastKnownFileType = sourcecode.c.h; path = UIKBBackdropView.h; sourceTree = "<group>"; };
		C24C6B172C272E2F00E7F43B /* Photos-Search-UI-Demo-Bridging-Header.h */ = {isa = PBXFileReference; lastKnownFileType = sourcecode.c.h; path = "Photos-Search-UI-Demo-Bridging-Header.h"; sourceTree = "<group>"; };
		C24C6B182C272E8800E7F43B /* UIKBVisualEffectView.swift */ = {isa = PBXFileReference; lastKnownFileType = sourcecode.swift; path = UIKBVisualEffectView.swift; sourceTree = "<group>"; };
		C24C6B1B2C272F1500E7F43B /* PUSearchBar.swift */ = {isa = PBXFileReference; lastKnownFileType = sourcecode.swift; path = PUSearchBar.swift; sourceTree = "<group>"; };
		C28F84882C2718550017481C /* Photos-Search-UI-Demo.app */ = {isa = PBXFileReference; explicitFileType = wrapper.application; includeInIndex = 0; path = "Photos-Search-UI-Demo.app"; sourceTree = BUILT_PRODUCTS_DIR; };
		C28F848B2C2718550017481C /* PUAppDelegate.swift */ = {isa = PBXFileReference; lastKnownFileType = sourcecode.swift; path = PUAppDelegate.swift; sourceTree = "<group>"; };
		C28F848D2C2718550017481C /* PUSceneDelegate.swift */ = {isa = PBXFileReference; lastKnownFileType = sourcecode.swift; path = PUSceneDelegate.swift; sourceTree = "<group>"; };
		C28F84942C2718560017481C /* Assets.xcassets */ = {isa = PBXFileReference; lastKnownFileType = folder.assetcatalog; path = Assets.xcassets; sourceTree = "<group>"; };
		C28F84972C2718560017481C /* Base */ = {isa = PBXFileReference; lastKnownFileType = file.storyboard; name = Base; path = Base.lproj/LaunchScreen.storyboard; sourceTree = "<group>"; };
		C28F84992C2718560017481C /* Info.plist */ = {isa = PBXFileReference; lastKnownFileType = text.plist.xml; path = Info.plist; sourceTree = "<group>"; };
		C28F84A22C2718CE0017481C /* PUSearchViewController.swift */ = {isa = PBXFileReference; lastKnownFileType = sourcecode.swift; path = PUSearchViewController.swift; sourceTree = "<group>"; };
		C28F84AC2C2719BE0017481C /* PUHomeView.swift */ = {isa = PBXFileReference; lastKnownFileType = sourcecode.swift; path = PUHomeView.swift; sourceTree = "<group>"; };
		C28F84AE2C271EC70017481C /* PUHeaderView.swift */ = {isa = PBXFileReference; lastKnownFileType = sourcecode.swift; path = PUHeaderView.swift; sourceTree = "<group>"; };
		C28F84B02C271ED60017481C /* PUGridView.swift */ = {isa = PBXFileReference; lastKnownFileType = sourcecode.swift; path = PUGridView.swift; sourceTree = "<group>"; };
		C28F84B22C271EE50017481C /* PUPageControl.swift */ = {isa = PBXFileReference; lastKnownFileType = sourcecode.swift; path = PUPageControl.swift; sourceTree = "<group>"; };
		C28F84B42C2720A80017481C /* PUSectionHeaderView.swift */ = {isa = PBXFileReference; lastKnownFileType = sourcecode.swift; path = PUSectionHeaderView.swift; sourceTree = "<group>"; };
		C28F84B62C2722C30017481C /* PUCarouselView.swift */ = {isa = PBXFileReference; lastKnownFileType = sourcecode.swift; path = PUCarouselView.swift; sourceTree = "<group>"; };
/* End PBXFileReference section */

/* Begin PBXFrameworksBuildPhase section */
		C28F84852C2718550017481C /* Frameworks */ = {
			isa = PBXFrameworksBuildPhase;
			buildActionMask = 2147483647;
			files = (
			);
			runOnlyForDeploymentPostprocessing = 0;
		};
/* End PBXFrameworksBuildPhase section */

/* Begin PBXGroup section */
		C24C6B142C272A5B00E7F43B /* ButtonStyles */ = {
			isa = PBXGroup;
			children = (
				C24C6B122C272A4B00E7F43B /* PUButtonStyle.swift */,
			);
			path = ButtonStyles;
			sourceTree = "<group>";
		};
		C24C6B152C272AAE00E7F43B /* Supporting Files */ = {
			isa = PBXGroup;
			children = (
				C28F84992C2718560017481C /* Info.plist */,
				C24C6B162C272E1700E7F43B /* UIKBBackdropView.h */,
				C24C6B172C272E2F00E7F43B /* Photos-Search-UI-Demo-Bridging-Header.h */,
			);
			path = "Supporting Files";
			sourceTree = "<group>";
		};
		C24C6B1A2C272E9000E7F43B /* UIKBVisualEffectView */ = {
			isa = PBXGroup;
			children = (
				C24C6B182C272E8800E7F43B /* UIKBVisualEffectView.swift */,
			);
			path = UIKBVisualEffectView;
			sourceTree = "<group>";
		};
		C24C6B1D2C272F1800E7F43B /* PUSearchBar */ = {
			isa = PBXGroup;
			children = (
				C24C6B1B2C272F1500E7F43B /* PUSearchBar.swift */,
			);
			path = PUSearchBar;
			sourceTree = "<group>";
		};
		C28F847F2C2718550017481C = {
			isa = PBXGroup;
			children = (
				C28F848A2C2718550017481C /* Photos-Search-UI-Demo */,
				C28F84892C2718550017481C /* Products */,
			);
			sourceTree = "<group>";
		};
		C28F84892C2718550017481C /* Products */ = {
			isa = PBXGroup;
			children = (
				C28F84882C2718550017481C /* Photos-Search-UI-Demo.app */,
			);
			name = Products;
			sourceTree = "<group>";
		};
		C28F848A2C2718550017481C /* Photos-Search-UI-Demo */ = {
			isa = PBXGroup;
			children = (
				C28F849F2C2718AF0017481C /* Base */,
				C28F84B82C2725420017481C /* Views */,
				C28F84A92C27190A0017481C /* Controllers */,
				C28F84A62C2718E10017481C /* Resources */,
				C24C6B152C272AAE00E7F43B /* Supporting Files */,
			);
			path = "Photos-Search-UI-Demo";
			sourceTree = "<group>";
		};
		C28F849F2C2718AF0017481C /* Base */ = {
			isa = PBXGroup;
			children = (
				C28F84A02C2718B40017481C /* PUAppDelegate */,
				C28F84A12C2718B70017481C /* PUSceneDelegate */,
			);
			path = Base;
			sourceTree = "<group>";
		};
		C28F84A02C2718B40017481C /* PUAppDelegate */ = {
			isa = PBXGroup;
			children = (
				C28F848B2C2718550017481C /* PUAppDelegate.swift */,
			);
			path = PUAppDelegate;
			sourceTree = "<group>";
		};
		C28F84A12C2718B70017481C /* PUSceneDelegate */ = {
			isa = PBXGroup;
			children = (
				C28F848D2C2718550017481C /* PUSceneDelegate.swift */,
			);
			path = PUSceneDelegate;
			sourceTree = "<group>";
		};
		C28F84A62C2718E10017481C /* Resources */ = {
			isa = PBXGroup;
			children = (
				C28F84A72C2718EA0017481C /* Assets */,
				C24C6B142C272A5B00E7F43B /* ButtonStyles */,
				C28F84A82C2718EF0017481C /* Storyboards */,
			);
			path = Resources;
			sourceTree = "<group>";
		};
		C28F84A72C2718EA0017481C /* Assets */ = {
			isa = PBXGroup;
			children = (
				C28F84942C2718560017481C /* Assets.xcassets */,
			);
			path = Assets;
			sourceTree = "<group>";
		};
		C28F84A82C2718EF0017481C /* Storyboards */ = {
			isa = PBXGroup;
			children = (
				C28F84962C2718560017481C /* LaunchScreen.storyboard */,
			);
			path = Storyboards;
			sourceTree = "<group>";
		};
		C28F84A92C27190A0017481C /* Controllers */ = {
			isa = PBXGroup;
			children = (
				C28F84AA2C27191A0017481C /* PUSearchViewController */,
			);
			path = Controllers;
			sourceTree = "<group>";
		};
		C28F84AA2C27191A0017481C /* PUSearchViewController */ = {
			isa = PBXGroup;
			children = (
				C28F84A22C2718CE0017481C /* PUSearchViewController.swift */,
			);
			path = PUSearchViewController;
			sourceTree = "<group>";
		};
		C28F84B82C2725420017481C /* Views */ = {
			isa = PBXGroup;
			children = (
				C28F84BA2C2725540017481C /* PUCarouselView */,
				C28F84BD2C2725600017481C /* PUGridView */,
				C28F84BE2C2725630017481C /* PUHeaderView */,
				C28F84B92C27254E0017481C /* PUHomeView */,
				C28F84BC2C27255C0017481C /* PUPageControl */,
				C24C6B1D2C272F1800E7F43B /* PUSearchBar */,
				C28F84BB2C2725580017481C /* PUSectionHeaderView */,
				C24C6B1A2C272E9000E7F43B /* UIKBVisualEffectView */,
			);
			path = Views;
			sourceTree = "<group>";
		};
		C28F84B92C27254E0017481C /* PUHomeView */ = {
			isa = PBXGroup;
			children = (
				C28F84AC2C2719BE0017481C /* PUHomeView.swift */,
			);
			path = PUHomeView;
			sourceTree = "<group>";
		};
		C28F84BA2C2725540017481C /* PUCarouselView */ = {
			isa = PBXGroup;
			children = (
				C28F84B62C2722C30017481C /* PUCarouselView.swift */,
			);
			path = PUCarouselView;
			sourceTree = "<group>";
		};
		C28F84BB2C2725580017481C /* PUSectionHeaderView */ = {
			isa = PBXGroup;
			children = (
				C28F84B42C2720A80017481C /* PUSectionHeaderView.swift */,
			);
			path = PUSectionHeaderView;
			sourceTree = "<group>";
		};
		C28F84BC2C27255C0017481C /* PUPageControl */ = {
			isa = PBXGroup;
			children = (
				C28F84B22C271EE50017481C /* PUPageControl.swift */,
			);
			path = PUPageControl;
			sourceTree = "<group>";
		};
		C28F84BD2C2725600017481C /* PUGridView */ = {
			isa = PBXGroup;
			children = (
				C28F84B02C271ED60017481C /* PUGridView.swift */,
			);
			path = PUGridView;
			sourceTree = "<group>";
		};
		C28F84BE2C2725630017481C /* PUHeaderView */ = {
			isa = PBXGroup;
			children = (
				C28F84AE2C271EC70017481C /* PUHeaderView.swift */,
			);
			path = PUHeaderView;
			sourceTree = "<group>";
		};
/* End PBXGroup section */

/* Begin PBXNativeTarget section */
		C28F84872C2718550017481C /* Photos-Search-UI-Demo */ = {
			isa = PBXNativeTarget;
			buildConfigurationList = C28F849C2C2718560017481C /* Build configuration list for PBXNativeTarget "Photos-Search-UI-Demo" */;
			buildPhases = (
				C28F84842C2718550017481C /* Sources */,
				C28F84852C2718550017481C /* Frameworks */,
				C28F84862C2718550017481C /* Resources */,
			);
			buildRules = (
			);
			dependencies = (
			);
			name = "Photos-Search-UI-Demo";
			productName = "Photos-Search-UI-Demo";
			productReference = C28F84882C2718550017481C /* Photos-Search-UI-Demo.app */;
			productType = "com.apple.product-type.application";
		};
/* End PBXNativeTarget section */

/* Begin PBXProject section */
		C28F84802C2718550017481C /* Project object */ = {
			isa = PBXProject;
			attributes = {
				BuildIndependentTargetsInParallel = 1;
				LastSwiftUpdateCheck = 1500;
				LastUpgradeCheck = 1500;
				TargetAttributes = {
					C28F84872C2718550017481C = {
						CreatedOnToolsVersion = 15.0;
					};
				};
			};
			buildConfigurationList = C28F84832C2718550017481C /* Build configuration list for PBXProject "Photos-Search-UI-Demo" */;
			compatibilityVersion = "Xcode 14.0";
			developmentRegion = en;
			hasScannedForEncodings = 0;
			knownRegions = (
				en,
				Base,
			);
			mainGroup = C28F847F2C2718550017481C;
			productRefGroup = C28F84892C2718550017481C /* Products */;
			projectDirPath = "";
			projectRoot = "";
			targets = (
				C28F84872C2718550017481C /* Photos-Search-UI-Demo */,
			);
		};
/* End PBXProject section */

/* Begin PBXResourcesBuildPhase section */
		C28F84862C2718550017481C /* Resources */ = {
			isa = PBXResourcesBuildPhase;
			buildActionMask = 2147483647;
			files = (
				C28F84982C2718560017481C /* LaunchScreen.storyboard in Resources */,
				C28F84952C2718560017481C /* Assets.xcassets in Resources */,
			);
			runOnlyForDeploymentPostprocessing = 0;
		};
/* End PBXResourcesBuildPhase section */

/* Begin PBXSourcesBuildPhase section */
		C28F84842C2718550017481C /* Sources */ = {
			isa = PBXSourcesBuildPhase;
			buildActionMask = 2147483647;
			files = (
				C24C6B1C2C272F1500E7F43B /* PUSearchBar.swift in Sources */,
				C28F84B32C271EE50017481C /* PUPageControl.swift in Sources */,
				C28F84AF2C271EC70017481C /* PUHeaderView.swift in Sources */,
				C24C6B132C272A4B00E7F43B /* PUButtonStyle.swift in Sources */,
				C24C6B192C272E8800E7F43B /* UIKBVisualEffectView.swift in Sources */,
				C28F84B52C2720A80017481C /* PUSectionHeaderView.swift in Sources */,
				C28F84AD2C2719BE0017481C /* PUHomeView.swift in Sources */,
				C28F848C2C2718550017481C /* PUAppDelegate.swift in Sources */,
				C28F84B72C2722C30017481C /* PUCarouselView.swift in Sources */,
				C28F84B12C271ED60017481C /* PUGridView.swift in Sources */,
				C28F84A32C2718CE0017481C /* PUSearchViewController.swift in Sources */,
				C28F848E2C2718550017481C /* PUSceneDelegate.swift in Sources */,
			);
			runOnlyForDeploymentPostprocessing = 0;
		};
/* End PBXSourcesBuildPhase section */

/* Begin PBXVariantGroup section */
		C28F84962C2718560017481C /* LaunchScreen.storyboard */ = {
			isa = PBXVariantGroup;
			children = (
				C28F84972C2718560017481C /* Base */,
			);
			name = LaunchScreen.storyboard;
			sourceTree = "<group>";
		};
/* End PBXVariantGroup section */

/* Begin XCBuildConfiguration section */
		C28F849A2C2718560017481C /* Debug */ = {
			isa = XCBuildConfiguration;
			buildSettings = {
				ALWAYS_SEARCH_USER_PATHS = NO;
				ASSETCATALOG_COMPILER_GENERATE_SWIFT_ASSET_SYMBOL_EXTENSIONS = YES;
				CLANG_ANALYZER_NONNULL = YES;
				CLANG_ANALYZER_NUMBER_OBJECT_CONVERSION = YES_AGGRESSIVE;
				CLANG_CXX_LANGUAGE_STANDARD = "gnu++20";
				CLANG_ENABLE_MODULES = YES;
				CLANG_ENABLE_OBJC_ARC = YES;
				CLANG_ENABLE_OBJC_WEAK = YES;
				CLANG_WARN_BLOCK_CAPTURE_AUTORELEASING = YES;
				CLANG_WARN_BOOL_CONVERSION = YES;
				CLANG_WARN_COMMA = YES;
				CLANG_WARN_CONSTANT_CONVERSION = YES;
				CLANG_WARN_DEPRECATED_OBJC_IMPLEMENTATIONS = YES;
				CLANG_WARN_DIRECT_OBJC_ISA_USAGE = YES_ERROR;
				CLANG_WARN_DOCUMENTATION_COMMENTS = YES;
				CLANG_WARN_EMPTY_BODY = YES;
				CLANG_WARN_ENUM_CONVERSION = YES;
				CLANG_WARN_INFINITE_RECURSION = YES;
				CLANG_WARN_INT_CONVERSION = YES;
				CLANG_WARN_NON_LITERAL_NULL_CONVERSION = YES;
				CLANG_WARN_OBJC_IMPLICIT_RETAIN_SELF = YES;
				CLANG_WARN_OBJC_LITERAL_CONVERSION = YES;
				CLANG_WARN_OBJC_ROOT_CLASS = YES_ERROR;
				CLANG_WARN_QUOTED_INCLUDE_IN_FRAMEWORK_HEADER = YES;
				CLANG_WARN_RANGE_LOOP_ANALYSIS = YES;
				CLANG_WARN_STRICT_PROTOTYPES = YES;
				CLANG_WARN_SUSPICIOUS_MOVE = YES;
				CLANG_WARN_UNGUARDED_AVAILABILITY = YES_AGGRESSIVE;
				CLANG_WARN_UNREACHABLE_CODE = YES;
				CLANG_WARN__DUPLICATE_METHOD_MATCH = YES;
				COPY_PHASE_STRIP = NO;
				DEBUG_INFORMATION_FORMAT = dwarf;
				ENABLE_STRICT_OBJC_MSGSEND = YES;
				ENABLE_TESTABILITY = YES;
				ENABLE_USER_SCRIPT_SANDBOXING = YES;
				GCC_C_LANGUAGE_STANDARD = gnu17;
				GCC_DYNAMIC_NO_PIC = NO;
				GCC_NO_COMMON_BLOCKS = YES;
				GCC_OPTIMIZATION_LEVEL = 0;
				GCC_PREPROCESSOR_DEFINITIONS = (
					"DEBUG=1",
					"$(inherited)",
				);
				GCC_WARN_64_TO_32_BIT_CONVERSION = YES;
				GCC_WARN_ABOUT_RETURN_TYPE = YES_ERROR;
				GCC_WARN_UNDECLARED_SELECTOR = YES;
				GCC_WARN_UNINITIALIZED_AUTOS = YES_AGGRESSIVE;
				GCC_WARN_UNUSED_FUNCTION = YES;
				GCC_WARN_UNUSED_VARIABLE = YES;
				IPHONEOS_DEPLOYMENT_TARGET = 17.0;
				LOCALIZATION_PREFERS_STRING_CATALOGS = YES;
				MTL_ENABLE_DEBUG_INFO = INCLUDE_SOURCE;
				MTL_FAST_MATH = YES;
				ONLY_ACTIVE_ARCH = YES;
				SDKROOT = iphoneos;
				SWIFT_ACTIVE_COMPILATION_CONDITIONS = "DEBUG $(inherited)";
				SWIFT_OPTIMIZATION_LEVEL = "-Onone";
			};
			name = Debug;
		};
		C28F849B2C2718560017481C /* Release */ = {
			isa = XCBuildConfiguration;
			buildSettings = {
				ALWAYS_SEARCH_USER_PATHS = NO;
				ASSETCATALOG_COMPILER_GENERATE_SWIFT_ASSET_SYMBOL_EXTENSIONS = YES;
				CLANG_ANALYZER_NONNULL = YES;
				CLANG_ANALYZER_NUMBER_OBJECT_CONVERSION = YES_AGGRESSIVE;
				CLANG_CXX_LANGUAGE_STANDARD = "gnu++20";
				CLANG_ENABLE_MODULES = YES;
				CLANG_ENABLE_OBJC_ARC = YES;
				CLANG_ENABLE_OBJC_WEAK = YES;
				CLANG_WARN_BLOCK_CAPTURE_AUTORELEASING = YES;
				CLANG_WARN_BOOL_CONVERSION = YES;
				CLANG_WARN_COMMA = YES;
				CLANG_WARN_CONSTANT_CONVERSION = YES;
				CLANG_WARN_DEPRECATED_OBJC_IMPLEMENTATIONS = YES;
				CLANG_WARN_DIRECT_OBJC_ISA_USAGE = YES_ERROR;
				CLANG_WARN_DOCUMENTATION_COMMENTS = YES;
				CLANG_WARN_EMPTY_BODY = YES;
				CLANG_WARN_ENUM_CONVERSION = YES;
				CLANG_WARN_INFINITE_RECURSION = YES;
				CLANG_WARN_INT_CONVERSION = YES;
				CLANG_WARN_NON_LITERAL_NULL_CONVERSION = YES;
				CLANG_WARN_OBJC_IMPLICIT_RETAIN_SELF = YES;
				CLANG_WARN_OBJC_LITERAL_CONVERSION = YES;
				CLANG_WARN_OBJC_ROOT_CLASS = YES_ERROR;
				CLANG_WARN_QUOTED_INCLUDE_IN_FRAMEWORK_HEADER = YES;
				CLANG_WARN_RANGE_LOOP_ANALYSIS = YES;
				CLANG_WARN_STRICT_PROTOTYPES = YES;
				CLANG_WARN_SUSPICIOUS_MOVE = YES;
				CLANG_WARN_UNGUARDED_AVAILABILITY = YES_AGGRESSIVE;
				CLANG_WARN_UNREACHABLE_CODE = YES;
				CLANG_WARN__DUPLICATE_METHOD_MATCH = YES;
				COPY_PHASE_STRIP = NO;
				DEBUG_INFORMATION_FORMAT = "dwarf-with-dsym";
				ENABLE_NS_ASSERTIONS = NO;
				ENABLE_STRICT_OBJC_MSGSEND = YES;
				ENABLE_USER_SCRIPT_SANDBOXING = YES;
				GCC_C_LANGUAGE_STANDARD = gnu17;
				GCC_NO_COMMON_BLOCKS = YES;
				GCC_WARN_64_TO_32_BIT_CONVERSION = YES;
				GCC_WARN_ABOUT_RETURN_TYPE = YES_ERROR;
				GCC_WARN_UNDECLARED_SELECTOR = YES;
				GCC_WARN_UNINITIALIZED_AUTOS = YES_AGGRESSIVE;
				GCC_WARN_UNUSED_FUNCTION = YES;
				GCC_WARN_UNUSED_VARIABLE = YES;
				IPHONEOS_DEPLOYMENT_TARGET = 17.0;
				LOCALIZATION_PREFERS_STRING_CATALOGS = YES;
				MTL_ENABLE_DEBUG_INFO = NO;
				MTL_FAST_MATH = YES;
				SDKROOT = iphoneos;
				SWIFT_COMPILATION_MODE = wholemodule;
				VALIDATE_PRODUCT = YES;
			};
			name = Release;
		};
		C28F849D2C2718560017481C /* Debug */ = {
			isa = XCBuildConfiguration;
			buildSettings = {
				ASSETCATALOG_COMPILER_APPICON_NAME = AppIcon;
				ASSETCATALOG_COMPILER_GLOBAL_ACCENT_COLOR_NAME = AccentColor;
				CODE_SIGN_STYLE = Automatic;
				CURRENT_PROJECT_VERSION = 1;
				DEVELOPMENT_TEAM = DY2GQFY855;
				GENERATE_INFOPLIST_FILE = YES;
				INFOPLIST_FILE = "Photos-Search-UI-Demo/Supporting Files/Info.plist";
				INFOPLIST_KEY_UIApplicationSupportsIndirectInputEvents = YES;
				INFOPLIST_KEY_UILaunchStoryboardName = LaunchScreen;
				INFOPLIST_KEY_UISupportedInterfaceOrientations_iPad = "UIInterfaceOrientationPortrait UIInterfaceOrientationPortraitUpsideDown UIInterfaceOrientationLandscapeLeft UIInterfaceOrientationLandscapeRight";
				INFOPLIST_KEY_UISupportedInterfaceOrientations_iPhone = "UIInterfaceOrientationPortrait UIInterfaceOrientationLandscapeLeft UIInterfaceOrientationLandscapeRight";
				LD_RUNPATH_SEARCH_PATHS = (
					"$(inherited)",
					"@executable_path/Frameworks",
				);
				MARKETING_VERSION = 1.0;
				PRODUCT_BUNDLE_IDENTIFIER = "com.sebvidal.Photos-Search-UI-Demo";
				PRODUCT_NAME = "$(TARGET_NAME)";
				SWIFT_EMIT_LOC_STRINGS = YES;
				SWIFT_OBJC_BRIDGING_HEADER = "Photos-Search-UI-Demo/Supporting Files/Photos-Search-UI-Demo-Bridging-Header.h";
				SWIFT_VERSION = 5.0;
				TARGETED_DEVICE_FAMILY = "1,2";
			};
			name = Debug;
		};
		C28F849E2C2718560017481C /* Release */ = {
			isa = XCBuildConfiguration;
			buildSettings = {
				ASSETCATALOG_COMPILER_APPICON_NAME = AppIcon;
				ASSETCATALOG_COMPILER_GLOBAL_ACCENT_COLOR_NAME = AccentColor;
				CODE_SIGN_STYLE = Automatic;
				CURRENT_PROJECT_VERSION = 1;
				DEVELOPMENT_TEAM = DY2GQFY855;
				GENERATE_INFOPLIST_FILE = YES;
				INFOPLIST_FILE = "Photos-Search-UI-Demo/Supporting Files/Info.plist";
				INFOPLIST_KEY_UIApplicationSupportsIndirectInputEvents = YES;
				INFOPLIST_KEY_UILaunchStoryboardName = LaunchScreen;
				INFOPLIST_KEY_UISupportedInterfaceOrientations_iPad = "UIInterfaceOrientationPortrait UIInterfaceOrientationPortraitUpsideDown UIInterfaceOrientationLandscapeLeft UIInterfaceOrientationLandscapeRight";
				INFOPLIST_KEY_UISupportedInterfaceOrientations_iPhone = "UIInterfaceOrientationPortrait UIInterfaceOrientationLandscapeLeft UIInterfaceOrientationLandscapeRight";
				LD_RUNPATH_SEARCH_PATHS = (
					"$(inherited)",
					"@executable_path/Frameworks",
				);
				MARKETING_VERSION = 1.0;
				PRODUCT_BUNDLE_IDENTIFIER = "com.sebvidal.Photos-Search-UI-Demo";
				PRODUCT_NAME = "$(TARGET_NAME)";
				SWIFT_EMIT_LOC_STRINGS = YES;
				SWIFT_OBJC_BRIDGING_HEADER = "Photos-Search-UI-Demo/Supporting Files/Photos-Search-UI-Demo-Bridging-Header.h";
				SWIFT_VERSION = 5.0;
				TARGETED_DEVICE_FAMILY = "1,2";
			};
			name = Release;
		};
/* End XCBuildConfiguration section */

/* Begin XCConfigurationList section */
		C28F84832C2718550017481C /* Build configuration list for PBXProject "Photos-Search-UI-Demo" */ = {
			isa = XCConfigurationList;
			buildConfigurations = (
				C28F849A2C2718560017481C /* Debug */,
				C28F849B2C2718560017481C /* Release */,
			);
			defaultConfigurationIsVisible = 0;
			defaultConfigurationName = Release;
		};
		C28F849C2C2718560017481C /* Build configuration list for PBXNativeTarget "Photos-Search-UI-Demo" */ = {
			isa = XCConfigurationList;
			buildConfigurations = (
				C28F849D2C2718560017481C /* Debug */,
				C28F849E2C2718560017481C /* Release */,
			);
			defaultConfigurationIsVisible = 0;
			defaultConfigurationName = Release;
		};
/* End XCConfigurationList section */
	};
	rootObject = C28F84802C2718550017481C /* Project object */;
}
